// !$*UTF8*$!
{
	archiveVersion = 1;
	classes = {
	};
	objectVersion = 56;
	objects = {

/* Begin PBXBuildFile section */
		140EF33D2C9D87BA0042C342 /* PredatorDetail.swift in Sources */ = {isa = PBXBuildFile; fileRef = 140EF33C2C9D87BA0042C342 /* PredatorDetail.swift */; };
		14CF26922CA2ED1E003F1711 /* PredatorMap.swift in Sources */ = {isa = PBXBuildFile; fileRef = 14CF26912CA2ED1E003F1711 /* PredatorMap.swift */; };
		14CF26982CA2FB84003F1711 /* Stickers.xcassets in Resources */ = {isa = PBXBuildFile; fileRef = 14CF26972CA2FB84003F1711 /* Stickers.xcassets */; };
		14CF269C2CA2FB84003F1711 /* ApexStickers.appex in Embed Foundation Extensions */ = {isa = PBXBuildFile; fileRef = 14CF26952CA2FB81003F1711 /* ApexStickers.appex */; settings = {ATTRIBUTES = (RemoveHeadersOnCopy, ); }; };
		14DDFB292C99864C0039E2F7 /* JP_Apex_PredatorsApp.swift in Sources */ = {isa = PBXBuildFile; fileRef = 14DDFB282C99864C0039E2F7 /* JP_Apex_PredatorsApp.swift */; };
		14DDFB2B2C99864C0039E2F7 /* ContentView.swift in Sources */ = {isa = PBXBuildFile; fileRef = 14DDFB2A2C99864C0039E2F7 /* ContentView.swift */; };
		14DDFB2D2C9986500039E2F7 /* Assets.xcassets in Resources */ = {isa = PBXBuildFile; fileRef = 14DDFB2C2C9986500039E2F7 /* Assets.xcassets */; };
		14DDFB302C9986500039E2F7 /* Preview Assets.xcassets in Resources */ = {isa = PBXBuildFile; fileRef = 14DDFB2F2C9986500039E2F7 /* Preview Assets.xcassets */; };
		14DDFB372C9987B90039E2F7 /* jpapexpredators.json in Resources */ = {isa = PBXBuildFile; fileRef = 14DDFB362C9987B90039E2F7 /* jpapexpredators.json */; };
		14DDFB392C9989F90039E2F7 /* ApexPredator.swift in Sources */ = {isa = PBXBuildFile; fileRef = 14DDFB382C9989F90039E2F7 /* ApexPredator.swift */; };
		14DDFB3B2C9994E50039E2F7 /* Predators.swift in Sources */ = {isa = PBXBuildFile; fileRef = 14DDFB3A2C9994E50039E2F7 /* Predators.swift */; };
/* End PBXBuildFile section */

/* Begin PBXContainerItemProxy section */
		14CF269A2CA2FB84003F1711 /* PBXContainerItemProxy */ = {
			isa = PBXContainerItemProxy;
			containerPortal = 14DDFB1D2C99864C0039E2F7 /* Project object */;
			proxyType = 1;
			remoteGlobalIDString = 14CF26942CA2FB81003F1711;
			remoteInfo = ApexStickers;
		};
/* End PBXContainerItemProxy section */

/* Begin PBXCopyFilesBuildPhase section */
		14CF26A02CA2FB84003F1711 /* Embed Foundation Extensions */ = {
			isa = PBXCopyFilesBuildPhase;
			buildActionMask = 2147483647;
			dstPath = "";
			dstSubfolderSpec = 13;
			files = (
				14CF269C2CA2FB84003F1711 /* ApexStickers.appex in Embed Foundation Extensions */,
			);
			name = "Embed Foundation Extensions";
			runOnlyForDeploymentPostprocessing = 0;
		};
/* End PBXCopyFilesBuildPhase section */

/* Begin PBXFileReference section */
		140EF33C2C9D87BA0042C342 /* PredatorDetail.swift */ = {isa = PBXFileReference; lastKnownFileType = sourcecode.swift; path = PredatorDetail.swift; sourceTree = "<group>"; };
		14CF26912CA2ED1E003F1711 /* PredatorMap.swift */ = {isa = PBXFileReference; lastKnownFileType = sourcecode.swift; path = PredatorMap.swift; sourceTree = "<group>"; };
		14CF26952CA2FB81003F1711 /* ApexStickers.appex */ = {isa = PBXFileReference; explicitFileType = "wrapper.app-extension"; includeInIndex = 0; path = ApexStickers.appex; sourceTree = BUILT_PRODUCTS_DIR; };
		14CF26972CA2FB84003F1711 /* Stickers.xcassets */ = {isa = PBXFileReference; lastKnownFileType = folder.assetcatalog; path = Stickers.xcassets; sourceTree = "<group>"; };
		14CF26992CA2FB84003F1711 /* Info.plist */ = {isa = PBXFileReference; lastKnownFileType = text.plist.xml; path = Info.plist; sourceTree = "<group>"; };
		14DDFB252C99864C0039E2F7 /* JP Apex Predators.app */ = {isa = PBXFileReference; explicitFileType = wrapper.application; includeInIndex = 0; path = "JP Apex Predators.app"; sourceTree = BUILT_PRODUCTS_DIR; };
		14DDFB282C99864C0039E2F7 /* JP_Apex_PredatorsApp.swift */ = {isa = PBXFileReference; lastKnownFileType = sourcecode.swift; path = JP_Apex_PredatorsApp.swift; sourceTree = "<group>"; };
		14DDFB2A2C99864C0039E2F7 /* ContentView.swift */ = {isa = PBXFileReference; lastKnownFileType = sourcecode.swift; path = ContentView.swift; sourceTree = "<group>"; };
		14DDFB2C2C9986500039E2F7 /* Assets.xcassets */ = {isa = PBXFileReference; lastKnownFileType = folder.assetcatalog; path = Assets.xcassets; sourceTree = "<group>"; };
		14DDFB2F2C9986500039E2F7 /* Preview Assets.xcassets */ = {isa = PBXFileReference; lastKnownFileType = folder.assetcatalog; path = "Preview Assets.xcassets"; sourceTree = "<group>"; };
		14DDFB362C9987B90039E2F7 /* jpapexpredators.json */ = {isa = PBXFileReference; fileEncoding = 4; lastKnownFileType = text.json; name = jpapexpredators.json; path = JP17Resources/jpapexpredators.json; sourceTree = SOURCE_ROOT; };
		14DDFB382C9989F90039E2F7 /* ApexPredator.swift */ = {isa = PBXFileReference; lastKnownFileType = sourcecode.swift; path = ApexPredator.swift; sourceTree = "<group>"; };
		14DDFB3A2C9994E50039E2F7 /* Predators.swift */ = {isa = PBXFileReference; lastKnownFileType = sourcecode.swift; path = Predators.swift; sourceTree = "<group>"; };
/* End PBXFileReference section */

/* Begin PBXFrameworksBuildPhase section */
		14DDFB222C99864C0039E2F7 /* Frameworks */ = {
			isa = PBXFrameworksBuildPhase;
			buildActionMask = 2147483647;
			files = (
			);
			runOnlyForDeploymentPostprocessing = 0;
		};
/* End PBXFrameworksBuildPhase section */

/* Begin PBXGroup section */
		14CF26962CA2FB81003F1711 /* ApexStickers */ = {
			isa = PBXGroup;
			children = (
				14CF26972CA2FB84003F1711 /* Stickers.xcassets */,
				14CF26992CA2FB84003F1711 /* Info.plist */,
			);
			path = ApexStickers;
			sourceTree = "<group>";
		};
		14DDFB1C2C99864C0039E2F7 = {
			isa = PBXGroup;
			children = (
				14DDFB272C99864C0039E2F7 /* JP Apex Predators */,
				14CF26962CA2FB81003F1711 /* ApexStickers */,
				14DDFB262C99864C0039E2F7 /* Products */,
			);
			sourceTree = "<group>";
		};
		14DDFB262C99864C0039E2F7 /* Products */ = {
			isa = PBXGroup;
			children = (
				14DDFB252C99864C0039E2F7 /* JP Apex Predators.app */,
				14CF26952CA2FB81003F1711 /* ApexStickers.appex */,
			);
			name = Products;
			sourceTree = "<group>";
		};
		14DDFB272C99864C0039E2F7 /* JP Apex Predators */ = {
			isa = PBXGroup;
			children = (
				14DDFB282C99864C0039E2F7 /* JP_Apex_PredatorsApp.swift */,
				14DDFB2A2C99864C0039E2F7 /* ContentView.swift */,
				140EF33C2C9D87BA0042C342 /* PredatorDetail.swift */,
				14CF26912CA2ED1E003F1711 /* PredatorMap.swift */,
				14DDFB382C9989F90039E2F7 /* ApexPredator.swift */,
				14DDFB3A2C9994E50039E2F7 /* Predators.swift */,
				14DDFB362C9987B90039E2F7 /* jpapexpredators.json */,
				14DDFB2C2C9986500039E2F7 /* Assets.xcassets */,
				14DDFB2E2C9986500039E2F7 /* Preview Content */,
			);
			path = "JP Apex Predators";
			sourceTree = "<group>";
		};
		14DDFB2E2C9986500039E2F7 /* Preview Content */ = {
			isa = PBXGroup;
			children = (
				14DDFB2F2C9986500039E2F7 /* Preview Assets.xcassets */,
			);
			path = "Preview Content";
			sourceTree = "<group>";
		};
/* End PBXGroup section */

/* Begin PBXNativeTarget section */
		14CF26942CA2FB81003F1711 /* ApexStickers */ = {
			isa = PBXNativeTarget;
			buildConfigurationList = 14CF269D2CA2FB84003F1711 /* Build configuration list for PBXNativeTarget "ApexStickers" */;
			buildPhases = (
				14CF26932CA2FB81003F1711 /* Resources */,
			);
			buildRules = (
			);
			dependencies = (
			);
			name = ApexStickers;
			productName = ApexStickers;
			productReference = 14CF26952CA2FB81003F1711 /* ApexStickers.appex */;
			productType = "com.apple.product-type.app-extension.messages-sticker-pack";
		};
		14DDFB242C99864C0039E2F7 /* JP Apex Predators */ = {
			isa = PBXNativeTarget;
			buildConfigurationList = 14DDFB332C9986500039E2F7 /* Build configuration list for PBXNativeTarget "JP Apex Predators" */;
			buildPhases = (
				14DDFB212C99864C0039E2F7 /* Sources */,
				14DDFB222C99864C0039E2F7 /* Frameworks */,
				14DDFB232C99864C0039E2F7 /* Resources */,
				14CF26A02CA2FB84003F1711 /* Embed Foundation Extensions */,
			);
			buildRules = (
			);
			dependencies = (
				14CF269B2CA2FB84003F1711 /* PBXTargetDependency */,
			);
			name = "JP Apex Predators";
			productName = "JP Apex Predators";
			productReference = 14DDFB252C99864C0039E2F7 /* JP Apex Predators.app */;
			productType = "com.apple.product-type.application";
		};
/* End PBXNativeTarget section */

/* Begin PBXProject section */
		14DDFB1D2C99864C0039E2F7 /* Project object */ = {
			isa = PBXProject;
			attributes = {
				BuildIndependentTargetsInParallel = 1;
				LastSwiftUpdateCheck = 1540;
				LastUpgradeCheck = 1540;
				TargetAttributes = {
					14CF26942CA2FB81003F1711 = {
						CreatedOnToolsVersion = 15.4;
					};
					14DDFB242C99864C0039E2F7 = {
						CreatedOnToolsVersion = 15.4;
					};
				};
			};
			buildConfigurationList = 14DDFB202C99864C0039E2F7 /* Build configuration list for PBXProject "JP Apex Predators" */;
			compatibilityVersion = "Xcode 14.0";
			developmentRegion = en;
			hasScannedForEncodings = 0;
			knownRegions = (
				en,
				Base,
			);
			mainGroup = 14DDFB1C2C99864C0039E2F7;
			productRefGroup = 14DDFB262C99864C0039E2F7 /* Products */;
			projectDirPath = "";
			projectRoot = "";
			targets = (
				14DDFB242C99864C0039E2F7 /* JP Apex Predators */,
				14CF26942CA2FB81003F1711 /* ApexStickers */,
			);
		};
/* End PBXProject section */

/* Begin PBXResourcesBuildPhase section */
		14CF26932CA2FB81003F1711 /* Resources */ = {
			isa = PBXResourcesBuildPhase;
			buildActionMask = 2147483647;
			files = (
				14CF26982CA2FB84003F1711 /* Stickers.xcassets in Resources */,
			);
			runOnlyForDeploymentPostprocessing = 0;
		};
		14DDFB232C99864C0039E2F7 /* Resources */ = {
			isa = PBXResourcesBuildPhase;
			buildActionMask = 2147483647;
			files = (
				14DDFB302C9986500039E2F7 /* Preview Assets.xcassets in Resources */,
				14DDFB2D2C9986500039E2F7 /* Assets.xcassets in Resources */,
				14DDFB372C9987B90039E2F7 /* jpapexpredators.json in Resources */,
			);
			runOnlyForDeploymentPostprocessing = 0;
		};
/* End PBXResourcesBuildPhase section */

/* Begin PBXSourcesBuildPhase section */
		14DDFB212C99864C0039E2F7 /* Sources */ = {
			isa = PBXSourcesBuildPhase;
			buildActionMask = 2147483647;
			files = (
				14DDFB392C9989F90039E2F7 /* ApexPredator.swift in Sources */,
				14CF26922CA2ED1E003F1711 /* PredatorMap.swift in Sources */,
				14DDFB2B2C99864C0039E2F7 /* ContentView.swift in Sources */,
				140EF33D2C9D87BA0042C342 /* PredatorDetail.swift in Sources */,
				14DDFB3B2C9994E50039E2F7 /* Predators.swift in Sources */,
				14DDFB292C99864C0039E2F7 /* JP_Apex_PredatorsApp.swift in Sources */,
			);
			runOnlyForDeploymentPostprocessing = 0;
		};
/* End PBXSourcesBuildPhase section */

/* Begin PBXTargetDependency section */
		14CF269B2CA2FB84003F1711 /* PBXTargetDependency */ = {
			isa = PBXTargetDependency;
			target = 14CF26942CA2FB81003F1711 /* ApexStickers */;
			targetProxy = 14CF269A2CA2FB84003F1711 /* PBXContainerItemProxy */;
		};
/* End PBXTargetDependency section */

/* Begin XCBuildConfiguration section */
		14CF269E2CA2FB84003F1711 /* Debug */ = {
			isa = XCBuildConfiguration;
			buildSettings = {
				ASSETCATALOG_COMPILER_APPICON_NAME = "iMessage App Icon";
				CODE_SIGN_STYLE = Automatic;
				CURRENT_PROJECT_VERSION = 1;
				DEVELOPMENT_TEAM = 5R3QA4NVB6;
				GENERATE_INFOPLIST_FILE = YES;
				INFOPLIST_FILE = ApexStickers/Info.plist;
				INFOPLIST_KEY_NSStickerSharingLevel = OS;
				MARKETING_VERSION = 1.0;
				PRODUCT_BUNDLE_IDENTIFIER = "com.nacho.JP-Apex-Predators.ApexStickers";
				PRODUCT_NAME = "$(TARGET_NAME)";
				SKIP_INSTALL = YES;
				SWIFT_EMIT_LOC_STRINGS = YES;
				TARGETED_DEVICE_FAMILY = "1,2";
			};
			name = Debug;
		};
		14CF269F2CA2FB84003F1711 /* Release */ = {
			isa = XCBuildConfiguration;
			buildSettings = {
				ASSETCATALOG_COMPILER_APPICON_NAME = "iMessage App Icon";
				CODE_SIGN_STYLE = Automatic;
				CURRENT_PROJECT_VERSION = 1;
				DEVELOPMENT_TEAM = 5R3QA4NVB6;
				GENERATE_INFOPLIST_FILE = YES;
				INFOPLIST_FILE = ApexStickers/Info.plist;
				INFOPLIST_KEY_NSStickerSharingLevel = OS;
				MARKETING_VERSION = 1.0;
				PRODUCT_BUNDLE_IDENTIFIER = "com.nacho.JP-Apex-Predators.ApexStickers";
				PRODUCT_NAME = "$(TARGET_NAME)";
				SKIP_INSTALL = YES;
				SWIFT_EMIT_LOC_STRINGS = YES;
				TARGETED_DEVICE_FAMILY = "1,2";
			};
			name = Release;
		};
		14DDFB312C9986500039E2F7 /* Debug */ = {
			isa = XCBuildConfiguration;
			buildSettings = {
				ALWAYS_SEARCH_USER_PATHS = NO;
				ASSETCATALOG_COMPILER_GENERATE_SWIFT_ASSET_SYMBOL_EXTENSIONS = YES;
				CLANG_ANALYZER_NONNULL = YES;
				CLANG_ANALYZER_NUMBER_OBJECT_CONVERSION = YES_AGGRESSIVE;
				CLANG_CXX_LANGUAGE_STANDARD = "gnu++20";
				CLANG_ENABLE_MODULES = YES;
				CLANG_ENABLE_OBJC_ARC = YES;
				CLANG_ENABLE_OBJC_WEAK = YES;
				CLANG_WARN_BLOCK_CAPTURE_AUTORELEASING = YES;
				CLANG_WARN_BOOL_CONVERSION = YES;
				CLANG_WARN_COMMA = YES;
				CLANG_WARN_CONSTANT_CONVERSION = YES;
				CLANG_WARN_DEPRECATED_OBJC_IMPLEMENTATIONS = YES;
				CLANG_WARN_DIRECT_OBJC_ISA_USAGE = YES_ERROR;
				CLANG_WARN_DOCUMENTATION_COMMENTS = YES;
				CLANG_WARN_EMPTY_BODY = YES;
				CLANG_WARN_ENUM_CONVERSION = YES;
				CLANG_WARN_INFINITE_RECURSION = YES;
				CLANG_WARN_INT_CONVERSION = YES;
				CLANG_WARN_NON_LITERAL_NULL_CONVERSION = YES;
				CLANG_WARN_OBJC_IMPLICIT_RETAIN_SELF = YES;
				CLANG_WARN_OBJC_LITERAL_CONVERSION = YES;
				CLANG_WARN_OBJC_ROOT_CLASS = YES_ERROR;
				CLANG_WARN_QUOTED_INCLUDE_IN_FRAMEWORK_HEADER = YES;
				CLANG_WARN_RANGE_LOOP_ANALYSIS = YES;
				CLANG_WARN_STRICT_PROTOTYPES = YES;
				CLANG_WARN_SUSPICIOUS_MOVE = YES;
				CLANG_WARN_UNGUARDED_AVAILABILITY = YES_AGGRESSIVE;
				CLANG_WARN_UNREACHABLE_CODE = YES;
				CLANG_WARN__DUPLICATE_METHOD_MATCH = YES;
				COPY_PHASE_STRIP = NO;
				DEBUG_INFORMATION_FORMAT = dwarf;
				ENABLE_STRICT_OBJC_MSGSEND = YES;
				ENABLE_TESTABILITY = YES;
				ENABLE_USER_SCRIPT_SANDBOXING = YES;
				GCC_C_LANGUAGE_STANDARD = gnu17;
				GCC_DYNAMIC_NO_PIC = NO;
				GCC_NO_COMMON_BLOCKS = YES;
				GCC_OPTIMIZATION_LEVEL = 0;
				GCC_PREPROCESSOR_DEFINITIONS = (
					"DEBUG=1",
					"$(inherited)",
				);
				GCC_WARN_64_TO_32_BIT_CONVERSION = YES;
				GCC_WARN_ABOUT_RETURN_TYPE = YES_ERROR;
				GCC_WARN_UNDECLARED_SELECTOR = YES;
				GCC_WARN_UNINITIALIZED_AUTOS = YES_AGGRESSIVE;
				GCC_WARN_UNUSED_FUNCTION = YES;
				GCC_WARN_UNUSED_VARIABLE = YES;
				IPHONEOS_DEPLOYMENT_TARGET = 17.5;
				LOCALIZATION_PREFERS_STRING_CATALOGS = YES;
				MTL_ENABLE_DEBUG_INFO = INCLUDE_SOURCE;
				MTL_FAST_MATH = YES;
				ONLY_ACTIVE_ARCH = YES;
				SDKROOT = iphoneos;
				SWIFT_ACTIVE_COMPILATION_CONDITIONS = "DEBUG $(inherited)";
				SWIFT_OPTIMIZATION_LEVEL = "-Onone";
			};
			name = Debug;
		};
		14DDFB322C9986500039E2F7 /* Release */ = {
			isa = XCBuildConfiguration;
			buildSettings = {
				ALWAYS_SEARCH_USER_PATHS = NO;
				ASSETCATALOG_COMPILER_GENERATE_SWIFT_ASSET_SYMBOL_EXTENSIONS = YES;
				CLANG_ANALYZER_NONNULL = YES;
				CLANG_ANALYZER_NUMBER_OBJECT_CONVERSION = YES_AGGRESSIVE;
				CLANG_CXX_LANGUAGE_STANDARD = "gnu++20";
				CLANG_ENABLE_MODULES = YES;
				CLANG_ENABLE_OBJC_ARC = YES;
				CLANG_ENABLE_OBJC_WEAK = YES;
				CLANG_WARN_BLOCK_CAPTURE_AUTORELEASING = YES;
				CLANG_WARN_BOOL_CONVERSION = YES;
				CLANG_WARN_COMMA = YES;
				CLANG_WARN_CONSTANT_CONVERSION = YES;
				CLANG_WARN_DEPRECATED_OBJC_IMPLEMENTATIONS = YES;
				CLANG_WARN_DIRECT_OBJC_ISA_USAGE = YES_ERROR;
				CLANG_WARN_DOCUMENTATION_COMMENTS = YES;
				CLANG_WARN_EMPTY_BODY = YES;
				CLANG_WARN_ENUM_CONVERSION = YES;
				CLANG_WARN_INFINITE_RECURSION = YES;
				CLANG_WARN_INT_CONVERSION = YES;
				CLANG_WARN_NON_LITERAL_NULL_CONVERSION = YES;
				CLANG_WARN_OBJC_IMPLICIT_RETAIN_SELF = YES;
				CLANG_WARN_OBJC_LITERAL_CONVERSION = YES;
				CLANG_WARN_OBJC_ROOT_CLASS = YES_ERROR;
				CLANG_WARN_QUOTED_INCLUDE_IN_FRAMEWORK_HEADER = YES;
				CLANG_WARN_RANGE_LOOP_ANALYSIS = YES;
				CLANG_WARN_STRICT_PROTOTYPES = YES;
				CLANG_WARN_SUSPICIOUS_MOVE = YES;
				CLANG_WARN_UNGUARDED_AVAILABILITY = YES_AGGRESSIVE;
				CLANG_WARN_UNREACHABLE_CODE = YES;
				CLANG_WARN__DUPLICATE_METHOD_MATCH = YES;
				COPY_PHASE_STRIP = NO;
				DEBUG_INFORMATION_FORMAT = "dwarf-with-dsym";
				ENABLE_NS_ASSERTIONS = NO;
				ENABLE_STRICT_OBJC_MSGSEND = YES;
				ENABLE_USER_SCRIPT_SANDBOXING = YES;
				GCC_C_LANGUAGE_STANDARD = gnu17;
				GCC_NO_COMMON_BLOCKS = YES;
				GCC_WARN_64_TO_32_BIT_CONVERSION = YES;
				GCC_WARN_ABOUT_RETURN_TYPE = YES_ERROR;
				GCC_WARN_UNDECLARED_SELECTOR = YES;
				GCC_WARN_UNINITIALIZED_AUTOS = YES_AGGRESSIVE;
				GCC_WARN_UNUSED_FUNCTION = YES;
				GCC_WARN_UNUSED_VARIABLE = YES;
				IPHONEOS_DEPLOYMENT_TARGET = 17.5;
				LOCALIZATION_PREFERS_STRING_CATALOGS = YES;
				MTL_ENABLE_DEBUG_INFO = NO;
				MTL_FAST_MATH = YES;
				SDKROOT = iphoneos;
				SWIFT_COMPILATION_MODE = wholemodule;
				VALIDATE_PRODUCT = YES;
			};
			name = Release;
		};
		14DDFB342C9986500039E2F7 /* Debug */ = {
			isa = XCBuildConfiguration;
			buildSettings = {
				ASSETCATALOG_COMPILER_APPICON_NAME = AppIcon;
				ASSETCATALOG_COMPILER_GLOBAL_ACCENT_COLOR_NAME = AccentColor;
				CODE_SIGN_STYLE = Automatic;
				CURRENT_PROJECT_VERSION = 1;
				DEVELOPMENT_ASSET_PATHS = "\"JP Apex Predators/Preview Content\"";
				DEVELOPMENT_TEAM = 5R3QA4NVB6;
				ENABLE_PREVIEWS = YES;
				GENERATE_INFOPLIST_FILE = YES;
				INFOPLIST_KEY_UIApplicationSceneManifest_Generation = YES;
				INFOPLIST_KEY_UIApplicationSupportsIndirectInputEvents = YES;
				INFOPLIST_KEY_UILaunchScreen_Generation = YES;
				INFOPLIST_KEY_UISupportedInterfaceOrientations_iPad = "UIInterfaceOrientationPortrait UIInterfaceOrientationPortraitUpsideDown UIInterfaceOrientationLandscapeLeft UIInterfaceOrientationLandscapeRight";
				INFOPLIST_KEY_UISupportedInterfaceOrientations_iPhone = "UIInterfaceOrientationPortrait UIInterfaceOrientationLandscapeLeft UIInterfaceOrientationLandscapeRight";
				LD_RUNPATH_SEARCH_PATHS = (
					"$(inherited)",
					"@executable_path/Frameworks",
				);
				MARKETING_VERSION = 1.0;
				PRODUCT_BUNDLE_IDENTIFIER = "com.nacho.JP-Apex-Predators";
				PRODUCT_NAME = "$(TARGET_NAME)";
				SWIFT_EMIT_LOC_STRINGS = YES;
				SWIFT_VERSION = 5.0;
				TARGETED_DEVICE_FAMILY = "1,2";
			};
			name = Debug;
		};
		14DDFB352C9986500039E2F7 /* Release */ = {
			isa = XCBuildConfiguration;
			buildSettings = {
				ASSETCATALOG_COMPILER_APPICON_NAME = AppIcon;
				ASSETCATALOG_COMPILER_GLOBAL_ACCENT_COLOR_NAME = AccentColor;
				CODE_SIGN_STYLE = Automatic;
				CURRENT_PROJECT_VERSION = 1;
				DEVELOPMENT_ASSET_PATHS = "\"JP Apex Predators/Preview Content\"";
				DEVELOPMENT_TEAM = 5R3QA4NVB6;
				ENABLE_PREVIEWS = YES;
				GENERATE_INFOPLIST_FILE = YES;
				INFOPLIST_KEY_UIApplicationSceneManifest_Generation = YES;
				INFOPLIST_KEY_UIApplicationSupportsIndirectInputEvents = YES;
				INFOPLIST_KEY_UILaunchScreen_Generation = YES;
				INFOPLIST_KEY_UISupportedInterfaceOrientations_iPad = "UIInterfaceOrientationPortrait UIInterfaceOrientationPortraitUpsideDown UIInterfaceOrientationLandscapeLeft UIInterfaceOrientationLandscapeRight";
				INFOPLIST_KEY_UISupportedInterfaceOrientations_iPhone = "UIInterfaceOrientationPortrait UIInterfaceOrientationLandscapeLeft UIInterfaceOrientationLandscapeRight";
				LD_RUNPATH_SEARCH_PATHS = (
					"$(inherited)",
					"@executable_path/Frameworks",
				);
				MARKETING_VERSION = 1.0;
				PRODUCT_BUNDLE_IDENTIFIER = "com.nacho.JP-Apex-Predators";
				PRODUCT_NAME = "$(TARGET_NAME)";
				SWIFT_EMIT_LOC_STRINGS = YES;
				SWIFT_VERSION = 5.0;
				TARGETED_DEVICE_FAMILY = "1,2";
			};
			name = Release;
		};
/* End XCBuildConfiguration section */

/* Begin XCConfigurationList section */
		14CF269D2CA2FB84003F1711 /* Build configuration list for PBXNativeTarget "ApexStickers" */ = {
			isa = XCConfigurationList;
			buildConfigurations = (
				14CF269E2CA2FB84003F1711 /* Debug */,
				14CF269F2CA2FB84003F1711 /* Release */,
			);
			defaultConfigurationIsVisible = 0;
			defaultConfigurationName = Release;
		};
		14DDFB202C99864C0039E2F7 /* Build configuration list for PBXProject "JP Apex Predators" */ = {
			isa = XCConfigurationList;
			buildConfigurations = (
				14DDFB312C9986500039E2F7 /* Debug */,
				14DDFB322C9986500039E2F7 /* Release */,
			);
			defaultConfigurationIsVisible = 0;
			defaultConfigurationName = Release;
		};
		14DDFB332C9986500039E2F7 /* Build configuration list for PBXNativeTarget "JP Apex Predators" */ = {
			isa = XCConfigurationList;
			buildConfigurations = (
				14DDFB342C9986500039E2F7 /* Debug */,
				14DDFB352C9986500039E2F7 /* Release */,
			);
			defaultConfigurationIsVisible = 0;
			defaultConfigurationName = Release;
		};
/* End XCConfigurationList section */
	};
	rootObject = 14DDFB1D2C99864C0039E2F7 /* Project object */;
}
